// !$*UTF8*$!
{
	archiveVersion = 1;
	classes = {
	};
	objectVersion = 48;
	objects = {

/* Begin PBXBuildFile section */
		099D199B1F830A080093EA02 /* AppDelegate.swift in Sources */ = {isa = PBXBuildFile; fileRef = 099D199A1F830A080093EA02 /* AppDelegate.swift */; };
		099D199D1F830A080093EA02 /* ViewController.swift in Sources */ = {isa = PBXBuildFile; fileRef = 099D199C1F830A080093EA02 /* ViewController.swift */; };
		099D19A01F830A080093EA02 /* Main.storyboard in Resources */ = {isa = PBXBuildFile; fileRef = 099D199E1F830A080093EA02 /* Main.storyboard */; };
		099D19A21F830A080093EA02 /* Assets.xcassets in Resources */ = {isa = PBXBuildFile; fileRef = 099D19A11F830A080093EA02 /* Assets.xcassets */; };
		099D19A51F830A080093EA02 /* LaunchScreen.storyboard in Resources */ = {isa = PBXBuildFile; fileRef = 099D19A31F830A080093EA02 /* LaunchScreen.storyboard */; };
		099D19B31F830F510093EA02 /* YKActInfo.swift in Sources */ = {isa = PBXBuildFile; fileRef = 099D19AD1F830F510093EA02 /* YKActInfo.swift */; };
		099D19B41F830F510093EA02 /* YKCreator.swift in Sources */ = {isa = PBXBuildFile; fileRef = 099D19AE1F830F510093EA02 /* YKCreator.swift */; };
		099D19B51F830F510093EA02 /* YKExtra.swift in Sources */ = {isa = PBXBuildFile; fileRef = 099D19AF1F830F510093EA02 /* YKExtra.swift */; };
		099D19B61F830F510093EA02 /* YKLabel.swift in Sources */ = {isa = PBXBuildFile; fileRef = 099D19B01F830F510093EA02 /* YKLabel.swift */; };
		099D19B71F830F510093EA02 /* YKLive.swift in Sources */ = {isa = PBXBuildFile; fileRef = 099D19B11F830F510093EA02 /* YKLive.swift */; };
		099D19B81F830F510093EA02 /* YKLiveStream.swift in Sources */ = {isa = PBXBuildFile; fileRef = 099D19B21F830F510093EA02 /* YKLiveStream.swift */; };
		099D19BA1F8310250093EA02 /* YKCell.swift in Sources */ = {isa = PBXBuildFile; fileRef = 099D19B91F8310250093EA02 /* YKCell.swift */; };
		099D19BC1F8311750093EA02 /* LivesTableViewController.swift in Sources */ = {isa = PBXBuildFile; fileRef = 099D19BB1F8311750093EA02 /* LivesTableViewController.swift */; };
		099D19C21F8344BC0093EA02 /* LiveTableViewCell.swift in Sources */ = {isa = PBXBuildFile; fileRef = 099D19C11F8344BC0093EA02 /* LiveTableViewCell.swift */; };
		099D19CA1F8471860093EA02 /* IJKMediaFramework.framework in Frameworks */ = {isa = PBXBuildFile; fileRef = 099D19C31F8470460093EA02 /* IJKMediaFramework.framework */; };
		099D19CB1F8471860093EA02 /* libcrypto.a in Frameworks */ = {isa = PBXBuildFile; fileRef = 099D19C51F8470460093EA02 /* libcrypto.a */; };
		099D19CC1F8471860093EA02 /* librtmp.a in Frameworks */ = {isa = PBXBuildFile; fileRef = 099D19C41F8470460093EA02 /* librtmp.a */; };
		099D19CD1F8471860093EA02 /* libssl.a in Frameworks */ = {isa = PBXBuildFile; fileRef = 099D19C61F8470460093EA02 /* libssl.a */; };
		099D19CF1F8474780093EA02 /* libbz2.tbd in Frameworks */ = {isa = PBXBuildFile; fileRef = 099D19CE1F8474770093EA02 /* libbz2.tbd */; };
		099D19D11F84747D0093EA02 /* libz.tbd in Frameworks */ = {isa = PBXBuildFile; fileRef = 099D19D01F84747D0093EA02 /* libz.tbd */; };
		099D19D61F8478930093EA02 /* DMHeartFlyView.m in Sources */ = {isa = PBXBuildFile; fileRef = 099D19D41F8475FF0093EA02 /* DMHeartFlyView.m */; };
		099D19D81F847DFD0093EA02 /* emmitParticles.swift in Sources */ = {isa = PBXBuildFile; fileRef = 099D19D71F847DFD0093EA02 /* emmitParticles.swift */; };
		099D19DA1F8481C50093EA02 /* UIViewHelper.swift in Sources */ = {isa = PBXBuildFile; fileRef = 099D19D91F8481C50093EA02 /* UIViewHelper.swift */; };
		62DF3BDBA7B58AB569028B98 /* Pods_YNLive.framework in Frameworks */ = {isa = PBXBuildFile; fileRef = 43221ADFCE76014AA245D4BF /* Pods_YNLive.framework */; };
/* End PBXBuildFile section */

/* Begin PBXFileReference section */
		099D19971F830A080093EA02 /* YNLive.app */ = {isa = PBXFileReference; explicitFileType = wrapper.application; includeInIndex = 0; path = YNLive.app; sourceTree = BUILT_PRODUCTS_DIR; };
		099D199A1F830A080093EA02 /* AppDelegate.swift */ = {isa = PBXFileReference; lastKnownFileType = sourcecode.swift; path = AppDelegate.swift; sourceTree = "<group>"; };
		099D199C1F830A080093EA02 /* ViewController.swift */ = {isa = PBXFileReference; lastKnownFileType = sourcecode.swift; path = ViewController.swift; sourceTree = "<group>"; };
		099D199F1F830A080093EA02 /* Base */ = {isa = PBXFileReference; lastKnownFileType = file.storyboard; name = Base; path = Base.lproj/Main.storyboard; sourceTree = "<group>"; };
		099D19A11F830A080093EA02 /* Assets.xcassets */ = {isa = PBXFileReference; lastKnownFileType = folder.assetcatalog; path = Assets.xcassets; sourceTree = "<group>"; };
		099D19A41F830A080093EA02 /* Base */ = {isa = PBXFileReference; lastKnownFileType = file.storyboard; name = Base; path = Base.lproj/LaunchScreen.storyboard; sourceTree = "<group>"; };
		099D19A61F830A080093EA02 /* Info.plist */ = {isa = PBXFileReference; lastKnownFileType = text.plist.xml; path = Info.plist; sourceTree = "<group>"; };
		099D19AD1F830F510093EA02 /* YKActInfo.swift */ = {isa = PBXFileReference; fileEncoding = 4; lastKnownFileType = sourcecode.swift; path = YKActInfo.swift; sourceTree = "<group>"; };
		099D19AE1F830F510093EA02 /* YKCreator.swift */ = {isa = PBXFileReference; fileEncoding = 4; lastKnownFileType = sourcecode.swift; path = YKCreator.swift; sourceTree = "<group>"; };
		099D19AF1F830F510093EA02 /* YKExtra.swift */ = {isa = PBXFileReference; fileEncoding = 4; lastKnownFileType = sourcecode.swift; path = YKExtra.swift; sourceTree = "<group>"; };
		099D19B01F830F510093EA02 /* YKLabel.swift */ = {isa = PBXFileReference; fileEncoding = 4; lastKnownFileType = sourcecode.swift; path = YKLabel.swift; sourceTree = "<group>"; };
		099D19B11F830F510093EA02 /* YKLive.swift */ = {isa = PBXFileReference; fileEncoding = 4; lastKnownFileType = sourcecode.swift; path = YKLive.swift; sourceTree = "<group>"; };
		099D19B21F830F510093EA02 /* YKLiveStream.swift */ = {isa = PBXFileReference; fileEncoding = 4; lastKnownFileType = sourcecode.swift; path = YKLiveStream.swift; sourceTree = "<group>"; };
		099D19B91F8310250093EA02 /* YKCell.swift */ = {isa = PBXFileReference; lastKnownFileType = sourcecode.swift; path = YKCell.swift; sourceTree = "<group>"; };
		099D19BB1F8311750093EA02 /* LivesTableViewController.swift */ = {isa = PBXFileReference; lastKnownFileType = sourcecode.swift; path = LivesTableViewController.swift; sourceTree = "<group>"; };
		099D19C11F8344BC0093EA02 /* LiveTableViewCell.swift */ = {isa = PBXFileReference; lastKnownFileType = sourcecode.swift; path = LiveTableViewCell.swift; sourceTree = "<group>"; };
		099D19C31F8470460093EA02 /* IJKMediaFramework.framework */ = {isa = PBXFileReference; lastKnownFileType = wrapper.framework; path = IJKMediaFramework.framework; sourceTree = "<group>"; };
		099D19C41F8470460093EA02 /* librtmp.a */ = {isa = PBXFileReference; lastKnownFileType = archive.ar; path = librtmp.a; sourceTree = "<group>"; };
		099D19C51F8470460093EA02 /* libcrypto.a */ = {isa = PBXFileReference; lastKnownFileType = archive.ar; path = libcrypto.a; sourceTree = "<group>"; };
		099D19C61F8470460093EA02 /* libssl.a */ = {isa = PBXFileReference; lastKnownFileType = archive.ar; path = libssl.a; sourceTree = "<group>"; };
		099D19C71F8470C00093EA02 /* YNLive-Bridging-Header.h */ = {isa = PBXFileReference; lastKnownFileType = sourcecode.c.h; path = "YNLive-Bridging-Header.h"; sourceTree = "<group>"; };
		099D19CE1F8474770093EA02 /* libbz2.tbd */ = {isa = PBXFileReference; lastKnownFileType = "sourcecode.text-based-dylib-definition"; path = libbz2.tbd; sourceTree = "<group>"; };
		099D19D01F84747D0093EA02 /* libz.tbd */ = {isa = PBXFileReference; lastKnownFileType = "sourcecode.text-based-dylib-definition"; path = libz.tbd; sourceTree = "<group>"; };
		099D19D31F8475FF0093EA02 /* DMHeartFlyView.h */ = {isa = PBXFileReference; lastKnownFileType = sourcecode.c.h; path = DMHeartFlyView.h; sourceTree = "<group>"; };
		099D19D41F8475FF0093EA02 /* DMHeartFlyView.m */ = {isa = PBXFileReference; lastKnownFileType = sourcecode.c.objc; path = DMHeartFlyView.m; sourceTree = "<group>"; };
		099D19D71F847DFD0093EA02 /* emmitParticles.swift */ = {isa = PBXFileReference; lastKnownFileType = sourcecode.swift; path = emmitParticles.swift; sourceTree = "<group>"; };
		099D19D91F8481C50093EA02 /* UIViewHelper.swift */ = {isa = PBXFileReference; lastKnownFileType = sourcecode.swift; path = UIViewHelper.swift; sourceTree = "<group>"; };
		43221ADFCE76014AA245D4BF /* Pods_YNLive.framework */ = {isa = PBXFileReference; explicitFileType = wrapper.framework; includeInIndex = 0; path = Pods_YNLive.framework; sourceTree = BUILT_PRODUCTS_DIR; };
		5EDFF0269869A568E184F384 /* Pods-YNLive.release.xcconfig */ = {isa = PBXFileReference; includeInIndex = 1; lastKnownFileType = text.xcconfig; name = "Pods-YNLive.release.xcconfig"; path = "Pods/Target Support Files/Pods-YNLive/Pods-YNLive.release.xcconfig"; sourceTree = "<group>"; };
		FAB26FDEFDC2CE055C35E531 /* Pods-YNLive.debug.xcconfig */ = {isa = PBXFileReference; includeInIndex = 1; lastKnownFileType = text.xcconfig; name = "Pods-YNLive.debug.xcconfig"; path = "Pods/Target Support Files/Pods-YNLive/Pods-YNLive.debug.xcconfig"; sourceTree = "<group>"; };
/* End PBXFileReference section */

/* Begin PBXFrameworksBuildPhase section */
		099D19941F830A080093EA02 /* Frameworks */ = {
			isa = PBXFrameworksBuildPhase;
			buildActionMask = 2147483647;
			files = (
				099D19CA1F8471860093EA02 /* IJKMediaFramework.framework in Frameworks */,
				099D19CB1F8471860093EA02 /* libcrypto.a in Frameworks */,
				099D19D11F84747D0093EA02 /* libz.tbd in Frameworks */,
				099D19CC1F8471860093EA02 /* librtmp.a in Frameworks */,
				099D19CF1F8474780093EA02 /* libbz2.tbd in Frameworks */,
				099D19CD1F8471860093EA02 /* libssl.a in Frameworks */,
				62DF3BDBA7B58AB569028B98 /* Pods_YNLive.framework in Frameworks */,
			);
			runOnlyForDeploymentPostprocessing = 0;
		};
/* End PBXFrameworksBuildPhase section */

/* Begin PBXGroup section */
		099D198E1F830A080093EA02 = {
			isa = PBXGroup;
			children = (
				099D19991F830A080093EA02 /* YNLive */,
				099D19981F830A080093EA02 /* Products */,
				3EF546B598656DC41F516D07 /* Pods */,
				92B133581CBAB4F37CEDDC04 /* Frameworks */,
			);
			sourceTree = "<group>";
		};
		099D19981F830A080093EA02 /* Products */ = {
			isa = PBXGroup;
			children = (
				099D19971F830A080093EA02 /* YNLive.app */,
			);
			name = Products;
			sourceTree = "<group>";
		};
		099D19991F830A080093EA02 /* YNLive */ = {
			isa = PBXGroup;
			children = (
				099D19D21F8475FF0093EA02 /* HeartFlyView */,
				099D19C31F8470460093EA02 /* IJKMediaFramework.framework */,
				099D19C51F8470460093EA02 /* libcrypto.a */,
				099D19C41F8470460093EA02 /* librtmp.a */,
				099D19C61F8470460093EA02 /* libssl.a */,
				099D19D01F84747D0093EA02 /* libz.tbd */,
				099D19CE1F8474770093EA02 /* libbz2.tbd */,
				099D19AC1F830F510093EA02 /* Model */,
				099D199A1F830A080093EA02 /* AppDelegate.swift */,
				099D199C1F830A080093EA02 /* ViewController.swift */,
				099D19D71F847DFD0093EA02 /* emmitParticles.swift */,
				099D19B91F8310250093EA02 /* YKCell.swift */,
				099D19C71F8470C00093EA02 /* YNLive-Bridging-Header.h */,
				099D19C11F8344BC0093EA02 /* LiveTableViewCell.swift */,
				099D19BB1F8311750093EA02 /* LivesTableViewController.swift */,
				099D199E1F830A080093EA02 /* Main.storyboard */,
				099D19A11F830A080093EA02 /* Assets.xcassets */,
				099D19A31F830A080093EA02 /* LaunchScreen.storyboard */,
				099D19A61F830A080093EA02 /* Info.plist */,
				099D19D91F8481C50093EA02 /* UIViewHelper.swift */,
			);
			path = YNLive;
			sourceTree = "<group>";
		};
		099D19AC1F830F510093EA02 /* Model */ = {
			isa = PBXGroup;
			children = (
				099D19AD1F830F510093EA02 /* YKActInfo.swift */,
				099D19AE1F830F510093EA02 /* YKCreator.swift */,
				099D19AF1F830F510093EA02 /* YKExtra.swift */,
				099D19B01F830F510093EA02 /* YKLabel.swift */,
				099D19B11F830F510093EA02 /* YKLive.swift */,
				099D19B21F830F510093EA02 /* YKLiveStream.swift */,
			);
			path = Model;
			sourceTree = "<group>";
		};
		099D19D21F8475FF0093EA02 /* HeartFlyView */ = {
			isa = PBXGroup;
			children = (
				099D19D31F8475FF0093EA02 /* DMHeartFlyView.h */,
				099D19D41F8475FF0093EA02 /* DMHeartFlyView.m */,
			);
			path = HeartFlyView;
			sourceTree = "<group>";
		};
		3EF546B598656DC41F516D07 /* Pods */ = {
			isa = PBXGroup;
			children = (
				FAB26FDEFDC2CE055C35E531 /* Pods-YNLive.debug.xcconfig */,
				5EDFF0269869A568E184F384 /* Pods-YNLive.release.xcconfig */,
			);
			name = Pods;
			sourceTree = "<group>";
		};
		92B133581CBAB4F37CEDDC04 /* Frameworks */ = {
			isa = PBXGroup;
			children = (
				43221ADFCE76014AA245D4BF /* Pods_YNLive.framework */,
			);
			name = Frameworks;
			sourceTree = "<group>";
		};
/* End PBXGroup section */

/* Begin PBXNativeTarget section */
		099D19961F830A080093EA02 /* YNLive */ = {
			isa = PBXNativeTarget;
			buildConfigurationList = 099D19A91F830A080093EA02 /* Build configuration list for PBXNativeTarget "YNLive" */;
			buildPhases = (
				CD6C5C25D1827D19581C0FF0 /* [CP] Check Pods Manifest.lock */,
				099D19931F830A080093EA02 /* Sources */,
				099D19941F830A080093EA02 /* Frameworks */,
				099D19951F830A080093EA02 /* Resources */,
				33D3E328461F9C3AC1425800 /* [CP] Embed Pods Frameworks */,
				F51FF47158AB3F95F2B4AA1F /* [CP] Copy Pods Resources */,
			);
			buildRules = (
			);
			dependencies = (
			);
			name = YNLive;
			productName = YNLive;
			productReference = 099D19971F830A080093EA02 /* YNLive.app */;
			productType = "com.apple.product-type.application";
		};
/* End PBXNativeTarget section */

/* Begin PBXProject section */
		099D198F1F830A080093EA02 /* Project object */ = {
			isa = PBXProject;
			attributes = {
				LastSwiftUpdateCheck = 0900;
				LastUpgradeCheck = 0900;
				ORGANIZATIONNAME = libo;
				TargetAttributes = {
					099D19961F830A080093EA02 = {
						CreatedOnToolsVersion = 9.0;
						LastSwiftMigration = 0900;
						ProvisioningStyle = Automatic;
					};
				};
			};
			buildConfigurationList = 099D19921F830A080093EA02 /* Build configuration list for PBXProject "YNLive" */;
			compatibilityVersion = "Xcode 8.0";
			developmentRegion = en;
			hasScannedForEncodings = 0;
			knownRegions = (
				en,
				Base,
			);
			mainGroup = 099D198E1F830A080093EA02;
			productRefGroup = 099D19981F830A080093EA02 /* Products */;
			projectDirPath = "";
			projectRoot = "";
			targets = (
				099D19961F830A080093EA02 /* YNLive */,
			);
		};
/* End PBXProject section */

/* Begin PBXResourcesBuildPhase section */
		099D19951F830A080093EA02 /* Resources */ = {
			isa = PBXResourcesBuildPhase;
			buildActionMask = 2147483647;
			files = (
				099D19A51F830A080093EA02 /* LaunchScreen.storyboard in Resources */,
				099D19A21F830A080093EA02 /* Assets.xcassets in Resources */,
				099D19A01F830A080093EA02 /* Main.storyboard in Resources */,
			);
			runOnlyForDeploymentPostprocessing = 0;
		};
/* End PBXResourcesBuildPhase section */

/* Begin PBXShellScriptBuildPhase section */
		33D3E328461F9C3AC1425800 /* [CP] Embed Pods Frameworks */ = {
			isa = PBXShellScriptBuildPhase;
			buildActionMask = 2147483647;
			files = (
			);
			inputPaths = (
				"${SRCROOT}/Pods/Target Support Files/Pods-YNLive/Pods-YNLive-frameworks.sh",
				"${BUILT_PRODUCTS_DIR}/Just/Just.framework",
				"${BUILT_PRODUCTS_DIR}/Kingfisher/Kingfisher.framework",
			);
			name = "[CP] Embed Pods Frameworks";
			outputPaths = (
				"${TARGET_BUILD_DIR}/${FRAMEWORKS_FOLDER_PATH}/Just.framework",
				"${TARGET_BUILD_DIR}/${FRAMEWORKS_FOLDER_PATH}/Kingfisher.framework",
			);
			runOnlyForDeploymentPostprocessing = 0;
			shellPath = /bin/sh;
			shellScript = "\"${SRCROOT}/Pods/Target Support Files/Pods-YNLive/Pods-YNLive-frameworks.sh\"\n";
			showEnvVarsInLog = 0;
		};
		CD6C5C25D1827D19581C0FF0 /* [CP] Check Pods Manifest.lock */ = {
			isa = PBXShellScriptBuildPhase;
			buildActionMask = 2147483647;
			files = (
			);
			inputPaths = (
				"${PODS_PODFILE_DIR_PATH}/Podfile.lock",
				"${PODS_ROOT}/Manifest.lock",
			);
			name = "[CP] Check Pods Manifest.lock";
			outputPaths = (
				"$(DERIVED_FILE_DIR)/Pods-YNLive-checkManifestLockResult.txt",
			);
			runOnlyForDeploymentPostprocessing = 0;
			shellPath = /bin/sh;
			shellScript = "diff \"${PODS_PODFILE_DIR_PATH}/Podfile.lock\" \"${PODS_ROOT}/Manifest.lock\" > /dev/null\nif [ $? != 0 ] ; then\n    # print error to STDERR\n    echo \"error: The sandbox is not in sync with the Podfile.lock. Run 'pod install' or update your CocoaPods installation.\" >&2\n    exit 1\nfi\n# This output is used by Xcode 'outputs' to avoid re-running this script phase.\necho \"SUCCESS\" > \"${SCRIPT_OUTPUT_FILE_0}\"\n";
			showEnvVarsInLog = 0;
		};
		F51FF47158AB3F95F2B4AA1F /* [CP] Copy Pods Resources */ = {
			isa = PBXShellScriptBuildPhase;
			buildActionMask = 2147483647;
			files = (
			);
			inputPaths = (
			);
			name = "[CP] Copy Pods Resources";
			outputPaths = (
			);
			runOnlyForDeploymentPostprocessing = 0;
			shellPath = /bin/sh;
			shellScript = "\"${SRCROOT}/Pods/Target Support Files/Pods-YNLive/Pods-YNLive-resources.sh\"\n";
			showEnvVarsInLog = 0;
		};
/* End PBXShellScriptBuildPhase section */

/* Begin PBXSourcesBuildPhase section */
		099D19931F830A080093EA02 /* Sources */ = {
			isa = PBXSourcesBuildPhase;
			buildActionMask = 2147483647;
			files = (
				099D19D61F8478930093EA02 /* DMHeartFlyView.m in Sources */,
				099D19BA1F8310250093EA02 /* YKCell.swift in Sources */,
				099D19B71F830F510093EA02 /* YKLive.swift in Sources */,
				099D19B61F830F510093EA02 /* YKLabel.swift in Sources */,
				099D199D1F830A080093EA02 /* ViewController.swift in Sources */,
				099D19C21F8344BC0093EA02 /* LiveTableViewCell.swift in Sources */,
				099D19B31F830F510093EA02 /* YKActInfo.swift in Sources */,
				099D19BC1F8311750093EA02 /* LivesTableViewController.swift in Sources */,
				099D19DA1F8481C50093EA02 /* UIViewHelper.swift in Sources */,
				099D19B41F830F510093EA02 /* YKCreator.swift in Sources */,
				099D19D81F847DFD0093EA02 /* emmitParticles.swift in Sources */,
				099D19B81F830F510093EA02 /* YKLiveStream.swift in Sources */,
				099D199B1F830A080093EA02 /* AppDelegate.swift in Sources */,
				099D19B51F830F510093EA02 /* YKExtra.swift in Sources */,
			);
			runOnlyForDeploymentPostprocessing = 0;
		};
/* End PBXSourcesBuildPhase section */

/* Begin PBXVariantGroup section */
		099D199E1F830A080093EA02 /* Main.storyboard */ = {
			isa = PBXVariantGroup;
			children = (
				099D199F1F830A080093EA02 /* Base */,
			);
			name = Main.storyboard;
			sourceTree = "<group>";
		};
		099D19A31F830A080093EA02 /* LaunchScreen.storyboard */ = {
			isa = PBXVariantGroup;
			children = (
				099D19A41F830A080093EA02 /* Base */,
			);
			name = LaunchScreen.storyboard;
			sourceTree = "<group>";
		};
/* End PBXVariantGroup section */

/* Begin XCBuildConfiguration section */
		099D19A71F830A080093EA02 /* Debug */ = {
			isa = XCBuildConfiguration;
			buildSettings = {
				ALWAYS_SEARCH_USER_PATHS = NO;
				CLANG_ANALYZER_NONNULL = YES;
				CLANG_ANALYZER_NUMBER_OBJECT_CONVERSION = YES_AGGRESSIVE;
				CLANG_CXX_LANGUAGE_STANDARD = "gnu++14";
				CLANG_CXX_LIBRARY = "libc++";
				CLANG_ENABLE_MODULES = YES;
				CLANG_ENABLE_OBJC_ARC = YES;
				CLANG_WARN_BLOCK_CAPTURE_AUTORELEASING = YES;
				CLANG_WARN_BOOL_CONVERSION = YES;
				CLANG_WARN_COMMA = YES;
				CLANG_WARN_CONSTANT_CONVERSION = YES;
				CLANG_WARN_DIRECT_OBJC_ISA_USAGE = YES_ERROR;
				CLANG_WARN_DOCUMENTATION_COMMENTS = YES;
				CLANG_WARN_EMPTY_BODY = YES;
				CLANG_WARN_ENUM_CONVERSION = YES;
				CLANG_WARN_INFINITE_RECURSION = YES;
				CLANG_WARN_INT_CONVERSION = YES;
				CLANG_WARN_NON_LITERAL_NULL_CONVERSION = YES;
				CLANG_WARN_OBJC_LITERAL_CONVERSION = YES;
				CLANG_WARN_OBJC_ROOT_CLASS = YES_ERROR;
				CLANG_WARN_RANGE_LOOP_ANALYSIS = YES;
				CLANG_WARN_STRICT_PROTOTYPES = YES;
				CLANG_WARN_SUSPICIOUS_MOVE = YES;
				CLANG_WARN_UNGUARDED_AVAILABILITY = YES_AGGRESSIVE;
				CLANG_WARN_UNREACHABLE_CODE = YES;
				CLANG_WARN__DUPLICATE_METHOD_MATCH = YES;
				CODE_SIGN_IDENTITY = "iPhone Developer";
				COPY_PHASE_STRIP = NO;
				DEBUG_INFORMATION_FORMAT = dwarf;
				ENABLE_STRICT_OBJC_MSGSEND = YES;
				ENABLE_TESTABILITY = YES;
				GCC_C_LANGUAGE_STANDARD = gnu11;
				GCC_DYNAMIC_NO_PIC = NO;
				GCC_NO_COMMON_BLOCKS = YES;
				GCC_OPTIMIZATION_LEVEL = 0;
				GCC_PREPROCESSOR_DEFINITIONS = (
					"DEBUG=1",
					"$(inherited)",
				);
				GCC_WARN_64_TO_32_BIT_CONVERSION = YES;
				GCC_WARN_ABOUT_RETURN_TYPE = YES_ERROR;
				GCC_WARN_UNDECLARED_SELECTOR = YES;
				GCC_WARN_UNINITIALIZED_AUTOS = YES_AGGRESSIVE;
				GCC_WARN_UNUSED_FUNCTION = YES;
				GCC_WARN_UNUSED_VARIABLE = YES;
				IPHONEOS_DEPLOYMENT_TARGET = 11.0;
				MTL_ENABLE_DEBUG_INFO = YES;
				ONLY_ACTIVE_ARCH = YES;
				SDKROOT = iphoneos;
				SWIFT_ACTIVE_COMPILATION_CONDITIONS = DEBUG;
				SWIFT_OPTIMIZATION_LEVEL = "-Onone";
			};
			name = Debug;
		};
		099D19A81F830A080093EA02 /* Release */ = {
			isa = XCBuildConfiguration;
			buildSettings = {
				ALWAYS_SEARCH_USER_PATHS = NO;
				CLANG_ANALYZER_NONNULL = YES;
				CLANG_ANALYZER_NUMBER_OBJECT_CONVERSION = YES_AGGRESSIVE;
				CLANG_CXX_LANGUAGE_STANDARD = "gnu++14";
				CLANG_CXX_LIBRARY = "libc++";
				CLANG_ENABLE_MODULES = YES;
				CLANG_ENABLE_OBJC_ARC = YES;
				CLANG_WARN_BLOCK_CAPTURE_AUTORELEASING = YES;
				CLANG_WARN_BOOL_CONVERSION = YES;
				CLANG_WARN_COMMA = YES;
				CLANG_WARN_CONSTANT_CONVERSION = YES;
				CLANG_WARN_DIRECT_OBJC_ISA_USAGE = YES_ERROR;
				CLANG_WARN_DOCUMENTATION_COMMENTS = YES;
				CLANG_WARN_EMPTY_BODY = YES;
				CLANG_WARN_ENUM_CONVERSION = YES;
				CLANG_WARN_INFINITE_RECURSION = YES;
				CLANG_WARN_INT_CONVERSION = YES;
				CLANG_WARN_NON_LITERAL_NULL_CONVERSION = YES;
				CLANG_WARN_OBJC_LITERAL_CONVERSION = YES;
				CLANG_WARN_OBJC_ROOT_CLASS = YES_ERROR;
				CLANG_WARN_RANGE_LOOP_ANALYSIS = YES;
				CLANG_WARN_STRICT_PROTOTYPES = YES;
				CLANG_WARN_SUSPICIOUS_MOVE = YES;
				CLANG_WARN_UNGUARDED_AVAILABILITY = YES_AGGRESSIVE;
				CLANG_WARN_UNREACHABLE_CODE = YES;
				CLANG_WARN__DUPLICATE_METHOD_MATCH = YES;
				CODE_SIGN_IDENTITY = "iPhone Developer";
				COPY_PHASE_STRIP = NO;
				DEBUG_INFORMATION_FORMAT = "dwarf-with-dsym";
				ENABLE_NS_ASSERTIONS = NO;
				ENABLE_STRICT_OBJC_MSGSEND = YES;
				GCC_C_LANGUAGE_STANDARD = gnu11;
				GCC_NO_COMMON_BLOCKS = YES;
				GCC_WARN_64_TO_32_BIT_CONVERSION = YES;
				GCC_WARN_ABOUT_RETURN_TYPE = YES_ERROR;
				GCC_WARN_UNDECLARED_SELECTOR = YES;
				GCC_WARN_UNINITIALIZED_AUTOS = YES_AGGRESSIVE;
				GCC_WARN_UNUSED_FUNCTION = YES;
				GCC_WARN_UNUSED_VARIABLE = YES;
				IPHONEOS_DEPLOYMENT_TARGET = 11.0;
				MTL_ENABLE_DEBUG_INFO = NO;
				SDKROOT = iphoneos;
				SWIFT_OPTIMIZATION_LEVEL = "-Owholemodule";
				VALIDATE_PRODUCT = YES;
			};
			name = Release;
		};
		099D19AA1F830A080093EA02 /* Debug */ = {
			isa = XCBuildConfiguration;
			baseConfigurationReference = FAB26FDEFDC2CE055C35E531 /* Pods-YNLive.debug.xcconfig */;
			buildSettings = {
				ASSETCATALOG_COMPILER_APPICON_NAME = AppIcon;
				CLANG_ENABLE_MODULES = YES;
				CODE_SIGN_STYLE = Automatic;
				DEVELOPMENT_TEAM = 3G96BA2462;
				FRAMEWORK_SEARCH_PATHS = (
					"$(inherited)",
					"$(PROJECT_DIR)/YNLive",
				);
				INFOPLIST_FILE = YNLive/Info.plist;
				LD_RUNPATH_SEARCH_PATHS = "$(inherited) @executable_path/Frameworks";
				LIBRARY_SEARCH_PATHS = (
					"$(inherited)",
					"$(PROJECT_DIR)/YNLive",
				);
				PRODUCT_BUNDLE_IDENTIFIER = yonyou.YNLive;
				PRODUCT_NAME = "$(TARGET_NAME)";
				SWIFT_OBJC_BRIDGING_HEADER = "YNLive/YNLive-Bridging-Header.h";
				SWIFT_OPTIMIZATION_LEVEL = "-Onone";
				SWIFT_VERSION = 4.0;
				TARGETED_DEVICE_FAMILY = 1;
			};
			name = Debug;
		};
		099D19AB1F830A080093EA02 /* Release */ = {
			isa = XCBuildConfiguration;
			baseConfigurationReference = 5EDFF0269869A568E184F384 /* Pods-YNLive.release.xcconfig */;
			buildSettings = {
				ASSETCATALOG_COMPILER_APPICON_NAME = AppIcon;
				CLANG_ENABLE_MODULES = YES;
				CODE_SIGN_STYLE = Automatic;
				DEVELOPMENT_TEAM = 3G96BA2462;
				FRAMEWORK_SEARCH_PATHS = (
					"$(inherited)",
					"$(PROJECT_DIR)/YNLive",
				);
				INFOPLIST_FILE = YNLive/Info.plist;
				LD_RUNPATH_SEARCH_PATHS = "$(inherited) @executable_path/Frameworks";
				LIBRARY_SEARCH_PATHS = (
					"$(inherited)",
					"$(PROJECT_DIR)/YNLive",
				);
				PRODUCT_BUNDLE_IDENTIFIER = yonyou.YNLive;
				PRODUCT_NAME = "$(TARGET_NAME)";
				SWIFT_OBJC_BRIDGING_HEADER = "YNLive/YNLive-Bridging-Header.h";
				SWIFT_VERSION = 4.0;
				TARGETED_DEVICE_FAMILY = 1;
			};
			name = Release;
		};
/* End XCBuildConfiguration section */

/* Begin XCConfigurationList section */
		099D19921F830A080093EA02 /* Build configuration list for PBXProject "YNLive" */ = {
			isa = XCConfigurationList;
			buildConfigurations = (
				099D19A71F830A080093EA02 /* Debug */,
				099D19A81F830A080093EA02 /* Release */,
			);
			defaultConfigurationIsVisible = 0;
			defaultConfigurationName = Release;
		};
		099D19A91F830A080093EA02 /* Build configuration list for PBXNativeTarget "YNLive" */ = {
			isa = XCConfigurationList;
			buildConfigurations = (
				099D19AA1F830A080093EA02 /* Debug */,
				099D19AB1F830A080093EA02 /* Release */,
			);
			defaultConfigurationIsVisible = 0;
			defaultConfigurationName = Release;
		};
/* End XCConfigurationList section */
	};
	rootObject = 099D198F1F830A080093EA02 /* Project object */;
}
